
Microsoft Visual Studio Solution File, Format Version 12.00
# Visual Studio Version 16
VisualStudioVersion = 16.0.30128.74
MinimumVisualStudioVersion = 10.0.40219.1
Project("{8BC9CEB8-8B4A-11D0-8D11-00A0C91BC942}") = "DOSLib", "DOSLib.vcxproj", "{745E02ED-EAAC-41FC-80D7-65BD3C1EB304}"
EndProject
Global
	GlobalSection(SolutionConfigurationPlatforms) = preSolution
		Debug_ARX19|Win32 = Debug_ARX19|Win32
		Debug_ARX19|x64 = Debug_ARX19|x64
		Debug_ARX20|Win32 = Debug_ARX20|Win32
		Debug_ARX20|x64 = Debug_ARX20|x64
		Debug_ARX21|Win32 = Debug_ARX21|Win32
		Debug_ARX21|x64 = Debug_ARX21|x64
		Debug_ARX22|Win32 = Debug_ARX22|Win32
		Debug_ARX22|x64 = Debug_ARX22|x64
		Debug_ARX23|Win32 = Debug_ARX23|Win32
		Debug_ARX23|x64 = Debug_ARX23|x64
		Debug_ARX24|Win32 = Debug_ARX24|Win32
		Debug_ARX24|x64 = Debug_ARX24|x64
		Debug_BRX13|Win32 = Debug_BRX13|Win32
		Debug_BRX13|x64 = Debug_BRX13|x64
		Debug_BRX14|Win32 = Debug_BRX14|Win32
		Debug_BRX14|x64 = Debug_BRX14|x64
		Debug_BRX15|Win32 = Debug_BRX15|Win32
		Debug_BRX15|x64 = Debug_BRX15|x64
		Debug_BRX16|Win32 = Debug_BRX16|Win32
		Debug_BRX16|x64 = Debug_BRX16|x64
		Debug_BRX17|Win32 = Debug_BRX17|Win32
		Debug_BRX17|x64 = Debug_BRX17|x64
		Debug_BRX18|Win32 = Debug_BRX18|Win32
		Debug_BRX18|x64 = Debug_BRX18|x64
		Debug_BRX19|Win32 = Debug_BRX19|Win32
		Debug_BRX19|x64 = Debug_BRX19|x64
		Debug_BRX20|Win32 = Debug_BRX20|Win32
		Debug_BRX20|x64 = Debug_BRX20|x64
		Debug_ZRX20|Win32 = Debug_ZRX20|Win32
		Debug_ZRX20|x64 = Debug_ZRX20|x64
		Debug_ZRX21|Win32 = Debug_ZRX21|Win32
		Debug_ZRX21|x64 = Debug_ZRX21|x64
		Release_ARX19|Win32 = Release_ARX19|Win32
		Release_ARX19|x64 = Release_ARX19|x64
		Release_ARX20|Win32 = Release_ARX20|Win32
		Release_ARX20|x64 = Release_ARX20|x64
		Release_ARX21|Win32 = Release_ARX21|Win32
		Release_ARX21|x64 = Release_ARX21|x64
		Release_ARX22|Win32 = Release_ARX22|Win32
		Release_ARX22|x64 = Release_ARX22|x64
		Release_ARX23|Win32 = Release_ARX23|Win32
		Release_ARX23|x64 = Release_ARX23|x64
		Release_ARX24|Win32 = Release_ARX24|Win32
		Release_ARX24|x64 = Release_ARX24|x64
		Release_BRX13|Win32 = Release_BRX13|Win32
		Release_BRX13|x64 = Release_BRX13|x64
		Release_BRX14|Win32 = Release_BRX14|Win32
		Release_BRX14|x64 = Release_BRX14|x64
		Release_BRX15|Win32 = Release_BRX15|Win32
		Release_BRX15|x64 = Release_BRX15|x64
		Release_BRX16|Win32 = Release_BRX16|Win32
		Release_BRX16|x64 = Release_BRX16|x64
		Release_BRX17|Win32 = Release_BRX17|Win32
		Release_BRX17|x64 = Release_BRX17|x64
		Release_BRX18|Win32 = Release_BRX18|Win32
		Release_BRX18|x64 = Release_BRX18|x64
		Release_BRX19|Win32 = Release_BRX19|Win32
		Release_BRX19|x64 = Release_BRX19|x64
		Release_BRX20|Win32 = Release_BRX20|Win32
		Release_BRX20|x64 = Release_BRX20|x64
		Release_ZRX20|Win32 = Release_ZRX20|Win32
		Release_ZRX20|x64 = Release_ZRX20|x64
		Release_ZRX21|Win32 = Release_ZRX21|Win32
		Release_ZRX21|x64 = Release_ZRX21|x64
	EndGlobalSection
	GlobalSection(ProjectConfigurationPlatforms) = postSolution
		{745E02ED-EAAC-41FC-80D7-65BD3C1EB304}.Debug_ARX19|Win32.ActiveCfg = Debug_ARX19|x64
		{745E02ED-EAAC-41FC-80D7-65BD3C1EB304}.Debug_ARX19|x64.ActiveCfg = Debug_ARX19|x64
		{745E02ED-EAAC-41FC-80D7-65BD3C1EB304}.Debug_ARX19|x64.Build.0 = Debug_ARX19|x64
		{745E02ED-EAAC-41FC-80D7-65BD3C1EB304}.Debug_ARX20|Win32.ActiveCfg = Debug_ARX20|x64
		{745E02ED-EAAC-41FC-80D7-65BD3C1EB304}.Debug_ARX20|x64.ActiveCfg = Debug_ARX20|x64
		{745E02ED-EAAC-41FC-80D7-65BD3C1EB304}.Debug_ARX20|x64.Build.0 = Debug_ARX20|x64
		{745E02ED-EAAC-41FC-80D7-65BD3C1EB304}.Debug_ARX21|Win32.ActiveCfg = Debug_ARX21|x64
		{745E02ED-EAAC-41FC-80D7-65BD3C1EB304}.Debug_ARX21|x64.ActiveCfg = Debug_ARX21|x64
		{745E02ED-EAAC-41FC-80D7-65BD3C1EB304}.Debug_ARX21|x64.Build.0 = Debug_ARX21|x64
		{745E02ED-EAAC-41FC-80D7-65BD3C1EB304}.Debug_ARX22|Win32.ActiveCfg = Debug_ARX22|x64
		{745E02ED-EAAC-41FC-80D7-65BD3C1EB304}.Debug_ARX22|x64.ActiveCfg = Debug_ARX22|x64
		{745E02ED-EAAC-41FC-80D7-65BD3C1EB304}.Debug_ARX22|x64.Build.0 = Debug_ARX22|x64
		{745E02ED-EAAC-41FC-80D7-65BD3C1EB304}.Debug_ARX23|Win32.ActiveCfg = Debug_ARX23|x64
		{745E02ED-EAAC-41FC-80D7-65BD3C1EB304}.Debug_ARX23|x64.ActiveCfg = Debug_ARX23|x64
		{745E02ED-EAAC-41FC-80D7-65BD3C1EB304}.Debug_ARX23|x64.Build.0 = Debug_ARX23|x64
		{745E02ED-EAAC-41FC-80D7-65BD3C1EB304}.Debug_ARX24|Win32.ActiveCfg = Debug_ARX24|x64
		{745E02ED-EAAC-41FC-80D7-65BD3C1EB304}.Debug_ARX24|x64.ActiveCfg = Debug_ARX24|x64
		{745E02ED-EAAC-41FC-80D7-65BD3C1EB304}.Debug_ARX24|x64.Build.0 = Debug_ARX24|x64
		{745E02ED-EAAC-41FC-80D7-65BD3C1EB304}.Debug_BRX13|Win32.ActiveCfg = Debug_BRX13|x64
		{745E02ED-EAAC-41FC-80D7-65BD3C1EB304}.Debug_BRX13|x64.ActiveCfg = Debug_BRX13|x64
		{745E02ED-EAAC-41FC-80D7-65BD3C1EB304}.Debug_BRX13|x64.Build.0 = Debug_BRX13|x64
		{745E02ED-EAAC-41FC-80D7-65BD3C1EB304}.Debug_BRX14|Win32.ActiveCfg = Debug_BRX14|x64
		{745E02ED-EAAC-41FC-80D7-65BD3C1EB304}.Debug_BRX14|x64.ActiveCfg = Debug_BRX14|x64
		{745E02ED-EAAC-41FC-80D7-65BD3C1EB304}.Debug_BRX14|x64.Build.0 = Debug_BRX14|x64
		{745E02ED-EAAC-41FC-80D7-65BD3C1EB304}.Debug_BRX15|Win32.ActiveCfg = Debug_BRX15|x64
		{745E02ED-EAAC-41FC-80D7-65BD3C1EB304}.Debug_BRX15|x64.ActiveCfg = Debug_BRX15|x64
		{745E02ED-EAAC-41FC-80D7-65BD3C1EB304}.Debug_BRX15|x64.Build.0 = Debug_BRX15|x64
		{745E02ED-EAAC-41FC-80D7-65BD3C1EB304}.Debug_BRX16|Win32.ActiveCfg = Debug_BRX16|x64
		{745E02ED-EAAC-41FC-80D7-65BD3C1EB304}.Debug_BRX16|x64.ActiveCfg = Debug_BRX16|x64
		{745E02ED-EAAC-41FC-80D7-65BD3C1EB304}.Debug_BRX16|x64.Build.0 = Debug_BRX16|x64
		{745E02ED-EAAC-41FC-80D7-65BD3C1EB304}.Debug_BRX17|Win32.ActiveCfg = Debug_BRX17|x64
		{745E02ED-EAAC-41FC-80D7-65BD3C1EB304}.Debug_BRX17|x64.ActiveCfg = Debug_BRX17|x64
		{745E02ED-EAAC-41FC-80D7-65BD3C1EB304}.Debug_BRX17|x64.Build.0 = Debug_BRX17|x64
		{745E02ED-EAAC-41FC-80D7-65BD3C1EB304}.Debug_BRX18|Win32.ActiveCfg = Debug_BRX18|x64
		{745E02ED-EAAC-41FC-80D7-65BD3C1EB304}.Debug_BRX18|x64.ActiveCfg = Debug_BRX18|x64
		{745E02ED-EAAC-41FC-80D7-65BD3C1EB304}.Debug_BRX18|x64.Build.0 = Debug_BRX18|x64
		{745E02ED-EAAC-41FC-80D7-65BD3C1EB304}.Debug_BRX19|Win32.ActiveCfg = Debug_BRX19|x64
		{745E02ED-EAAC-41FC-80D7-65BD3C1EB304}.Debug_BRX19|x64.ActiveCfg = Debug_BRX19|x64
		{745E02ED-EAAC-41FC-80D7-65BD3C1EB304}.Debug_BRX19|x64.Build.0 = Debug_BRX19|x64
		{745E02ED-EAAC-41FC-80D7-65BD3C1EB304}.Debug_BRX20|Win32.ActiveCfg = Debug_BRX20|x64
		{745E02ED-EAAC-41FC-80D7-65BD3C1EB304}.Debug_BRX20|x64.ActiveCfg = Debug_BRX20|x64
		{745E02ED-EAAC-41FC-80D7-65BD3C1EB304}.Debug_BRX20|x64.Build.0 = Debug_BRX20|x64
		{745E02ED-EAAC-41FC-80D7-65BD3C1EB304}.Debug_ZRX20|Win32.ActiveCfg = Debug_ZRX20|Win32
		{745E02ED-EAAC-41FC-80D7-65BD3C1EB304}.Debug_ZRX20|Win32.Build.0 = Debug_ZRX20|Win32
		{745E02ED-EAAC-41FC-80D7-65BD3C1EB304}.Debug_ZRX20|x64.ActiveCfg = Debug_ZRX20|x64
		{745E02ED-EAAC-41FC-80D7-65BD3C1EB304}.Debug_ZRX20|x64.Build.0 = Debug_ZRX20|x64
		{745E02ED-EAAC-41FC-80D7-65BD3C1EB304}.Debug_ZRX21|Win32.ActiveCfg = Debug_ZRX21|Win32
		{745E02ED-EAAC-41FC-80D7-65BD3C1EB304}.Debug_ZRX21|Win32.Build.0 = Debug_ZRX21|Win32
		{745E02ED-EAAC-41FC-80D7-65BD3C1EB304}.Debug_ZRX21|x64.ActiveCfg = Debug_ZRX21|x64
		{745E02ED-EAAC-41FC-80D7-65BD3C1EB304}.Debug_ZRX21|x64.Build.0 = Debug_ZRX21|x64
		{745E02ED-EAAC-41FC-80D7-65BD3C1EB304}.Release_ARX19|Win32.ActiveCfg = Release_ARX19|x64
		{745E02ED-EAAC-41FC-80D7-65BD3C1EB304}.Release_ARX19|x64.ActiveCfg = Release_ARX19|x64
		{745E02ED-EAAC-41FC-80D7-65BD3C1EB304}.Release_ARX19|x64.Build.0 = Release_ARX19|x64
		{745E02ED-EAAC-41FC-80D7-65BD3C1EB304}.Release_ARX20|Win32.ActiveCfg = Release_ARX20|x64
		{745E02ED-EAAC-41FC-80D7-65BD3C1EB304}.Release_ARX20|x64.ActiveCfg = Release_ARX20|x64
		{745E02ED-EAAC-41FC-80D7-65BD3C1EB304}.Release_ARX20|x64.Build.0 = Release_ARX20|x64
		{745E02ED-EAAC-41FC-80D7-65BD3C1EB304}.Release_ARX21|Win32.ActiveCfg = Release_ARX21|x64
		{745E02ED-EAAC-41FC-80D7-65BD3C1EB304}.Release_ARX21|x64.ActiveCfg = Release_ARX21|x64
		{745E02ED-EAAC-41FC-80D7-65BD3C1EB304}.Release_ARX21|x64.Build.0 = Release_ARX21|x64
		{745E02ED-EAAC-41FC-80D7-65BD3C1EB304}.Release_ARX22|Win32.ActiveCfg = Release_ARX22|x64
		{745E02ED-EAAC-41FC-80D7-65BD3C1EB304}.Release_ARX22|x64.ActiveCfg = Release_ARX22|x64
		{745E02ED-EAAC-41FC-80D7-65BD3C1EB304}.Release_ARX22|x64.Build.0 = Release_ARX22|x64
		{745E02ED-EAAC-41FC-80D7-65BD3C1EB304}.Release_ARX23|Win32.ActiveCfg = Release_ARX23|x64
		{745E02ED-EAAC-41FC-80D7-65BD3C1EB304}.Release_ARX23|x64.ActiveCfg = Release_ARX23|x64
		{745E02ED-EAAC-41FC-80D7-65BD3C1EB304}.Release_ARX23|x64.Build.0 = Release_ARX23|x64
		{745E02ED-EAAC-41FC-80D7-65BD3C1EB304}.Release_ARX24|Win32.ActiveCfg = Release_ARX24|x64
		{745E02ED-EAAC-41FC-80D7-65BD3C1EB304}.Release_ARX24|x64.ActiveCfg = Release_ARX24|x64
		{745E02ED-EAAC-41FC-80D7-65BD3C1EB304}.Release_ARX24|x64.Build.0 = Release_ARX24|x64
		{745E02ED-EAAC-41FC-80D7-65BD3C1EB304}.Release_BRX13|Win32.ActiveCfg = Release_BRX13|x64
		{745E02ED-EAAC-41FC-80D7-65BD3C1EB304}.Release_BRX13|x64.ActiveCfg = Release_BRX13|x64
		{745E02ED-EAAC-41FC-80D7-65BD3C1EB304}.Release_BRX13|x64.Build.0 = Release_BRX13|x64
		{745E02ED-EAAC-41FC-80D7-65BD3C1EB304}.Release_BRX14|Win32.ActiveCfg = Release_BRX14|x64
		{745E02ED-EAAC-41FC-80D7-65BD3C1EB304}.Release_BRX14|x64.ActiveCfg = Release_BRX14|x64
		{745E02ED-EAAC-41FC-80D7-65BD3C1EB304}.Release_BRX14|x64.Build.0 = Release_BRX14|x64
		{745E02ED-EAAC-41FC-80D7-65BD3C1EB304}.Release_BRX15|Win32.ActiveCfg = Release_BRX15|x64
		{745E02ED-EAAC-41FC-80D7-65BD3C1EB304}.Release_BRX15|x64.ActiveCfg = Release_BRX15|x64
		{745E02ED-EAAC-41FC-80D7-65BD3C1EB304}.Release_BRX15|x64.Build.0 = Release_BRX15|x64
		{745E02ED-EAAC-41FC-80D7-65BD3C1EB304}.Release_BRX16|Win32.ActiveCfg = Release_BRX16|x64
		{745E02ED-EAAC-41FC-80D7-65BD3C1EB304}.Release_BRX16|x64.ActiveCfg = Release_BRX16|x64
		{745E02ED-EAAC-41FC-80D7-65BD3C1EB304}.Release_BRX16|x64.Build.0 = Release_BRX16|x64
		{745E02ED-EAAC-41FC-80D7-65BD3C1EB304}.Release_BRX17|Win32.ActiveCfg = Release_BRX17|x64
		{745E02ED-EAAC-41FC-80D7-65BD3C1EB304}.Release_BRX17|x64.ActiveCfg = Release_BRX17|x64
		{745E02ED-EAAC-41FC-80D7-65BD3C1EB304}.Release_BRX17|x64.Build.0 = Release_BRX17|x64
		{745E02ED-EAAC-41FC-80D7-65BD3C1EB304}.Release_BRX18|Win32.ActiveCfg = Release_BRX18|x64
		{745E02ED-EAAC-41FC-80D7-65BD3C1EB304}.Release_BRX18|x64.ActiveCfg = Release_BRX18|x64
		{745E02ED-EAAC-41FC-80D7-65BD3C1EB304}.Release_BRX18|x64.Build.0 = Release_BRX18|x64
		{745E02ED-EAAC-41FC-80D7-65BD3C1EB304}.Release_BRX19|Win32.ActiveCfg = Release_BRX19|x64
		{745E02ED-EAAC-41FC-80D7-65BD3C1EB304}.Release_BRX19|x64.ActiveCfg = Release_BRX19|x64
		{745E02ED-EAAC-41FC-80D7-65BD3C1EB304}.Release_BRX19|x64.Build.0 = Release_BRX19|x64
		{745E02ED-EAAC-41FC-80D7-65BD3C1EB304}.Release_BRX20|Win32.ActiveCfg = Release_BRX20|x64
		{745E02ED-EAAC-41FC-80D7-65BD3C1EB304}.Release_BRX20|x64.ActiveCfg = Release_BRX20|x64
		{745E02ED-EAAC-41FC-80D7-65BD3C1EB304}.Release_BRX20|x64.Build.0 = Release_BRX20|x64
		{745E02ED-EAAC-41FC-80D7-65BD3C1EB304}.Release_ZRX20|Win32.ActiveCfg = Release_ZRX20|Win32
		{745E02ED-EAAC-41FC-80D7-65BD3C1EB304}.Release_ZRX20|Win32.Build.0 = Release_ZRX20|Win32
		{745E02ED-EAAC-41FC-80D7-65BD3C1EB304}.Release_ZRX20|x64.ActiveCfg = Release_ZRX20|x64
		{745E02ED-EAAC-41FC-80D7-65BD3C1EB304}.Release_ZRX20|x64.Build.0 = Release_ZRX20|x64
		{745E02ED-EAAC-41FC-80D7-65BD3C1EB304}.Release_ZRX21|Win32.ActiveCfg = Release_ZRX21|Win32
		{745E02ED-EAAC-41FC-80D7-65BD3C1EB304}.Release_ZRX21|Win32.Build.0 = Release_ZRX21|Win32
		{745E02ED-EAAC-41FC-80D7-65BD3C1EB304}.Release_ZRX21|x64.ActiveCfg = Release_ZRX21|x64
		{745E02ED-EAAC-41FC-80D7-65BD3C1EB304}.Release_ZRX21|x64.Build.0 = Release_ZRX21|x64
	EndGlobalSection
	GlobalSection(SolutionProperties) = preSolution
		HideSolutionNode = FALSE
	EndGlobalSection
	GlobalSection(ExtensibilityGlobals) = postSolution
		SolutionGuid = {FD4F027D-66E1-4342-8B62-491623530578}
	EndGlobalSection
EndGlobal
